
Microsoft Visual Studio Solution File, Format Version 12.00
# Visual Studio 15
VisualStudioVersion = 15.0.27703.2000
MinimumVisualStudioVersion = 10.0.40219.1
Project("{FAE04EC0-301F-11D3-BF4B-00C04F79EFBC}") = "HW_XML_2", "HW_XML_2\HW_XML_2.csproj", "{2EDD9D24-9983-4693-9A03-6096E3F76463}"
EndProject
Global
	GlobalSection(SolutionConfigurationPlatforms) = preSolution
		Debug|Any CPU = Debug|Any CPU
		Release|Any CPU = Release|Any CPU
	EndGlobalSection
	GlobalSection(ProjectConfigurationPlatforms) = postSolution
		{2EDD9D24-9983-4693-9A03-6096E3F76463}.Debug|Any CPU.ActiveCfg = Debug|Any CPU
		{2EDD9D24-9983-4693-9A03-6096E3F76463}.Debug|Any CPU.Build.0 = Debug|Any CPU
		{2EDD9D24-9983-4693-9A03-6096E3F76463}.Release|Any CPU.ActiveCfg = Release|Any CPU
		{2EDD9D24-9983-4693-9A03-6096E3F76463}.Release|Any CPU.Build.0 = Release|Any CPU
	EndGlobalSection
	GlobalSection(SolutionProperties) = preSolution
		HideSolutionNode = FALSE
	EndGlobalSection
	GlobalSection(ExtensibilityGlobals) = postSolution
		SolutionGuid = {C84C8B07-8D9F-4ABD-AC60-EE5173FD9C50}
	EndGlobalSection
EndGlobal
